// !$*UTF8*$!
{
	archiveVersion = 1;
	classes = {
	};
	objectVersion = 70;
	objects = {

/* Begin PBXBuildFile section */
		4B1409622BAD943400F00092 /* Create_With_Swift_WidgetKit_Tutorial_StartingApp.swift in Sources */ = {isa = PBXBuildFile; fileRef = 4B1409612BAD943400F00092 /* Create_With_Swift_WidgetKit_Tutorial_StartingApp.swift */; };
		4B1409642BAD943400F00092 /* ContentView.swift in Sources */ = {isa = PBXBuildFile; fileRef = 4B1409632BAD943400F00092 /* ContentView.swift */; };
		4B1409662BAD943500F00092 /* Assets.xcassets in Resources */ = {isa = PBXBuildFile; fileRef = 4B1409652BAD943500F00092 /* Assets.xcassets */; };
		4B1409692BAD943500F00092 /* Preview Assets.xcassets in Resources */ = {isa = PBXBuildFile; fileRef = 4B1409682BAD943500F00092 /* Preview Assets.xcassets */; };
		4B1409732BAD943600F00092 /* Create_With_Swift_WidgetKit_Tutorial_StartingTests.swift in Sources */ = {isa = PBXBuildFile; fileRef = 4B1409722BAD943600F00092 /* Create_With_Swift_WidgetKit_Tutorial_StartingTests.swift */; };
		4B14097D2BAD943600F00092 /* Create_With_Swift_WidgetKit_Tutorial_StartingUITests.swift in Sources */ = {isa = PBXBuildFile; fileRef = 4B14097C2BAD943600F00092 /* Create_With_Swift_WidgetKit_Tutorial_StartingUITests.swift */; };
		4B14097F2BAD943600F00092 /* Create_With_Swift_WidgetKit_Tutorial_StartingUITestsLaunchTests.swift in Sources */ = {isa = PBXBuildFile; fileRef = 4B14097E2BAD943600F00092 /* Create_With_Swift_WidgetKit_Tutorial_StartingUITestsLaunchTests.swift */; };
		9C1489BE2D599F00006F5DD7 /* WidgetKit.framework in Frameworks */ = {isa = PBXBuildFile; fileRef = 9C1489BD2D599F00006F5DD7 /* WidgetKit.framework */; };
		9C1489C02D599F00006F5DD7 /* SwiftUI.framework in Frameworks */ = {isa = PBXBuildFile; fileRef = 9C1489BF2D599F00006F5DD7 /* SwiftUI.framework */; };
		9C1489CD2D599F00006F5DD7 /* Create-With-Swift-Widget-ExtensionExtension.appex in Embed Foundation Extensions */ = {isa = PBXBuildFile; fileRef = 9C1489BB2D599F00006F5DD7 /* Create-With-Swift-Widget-ExtensionExtension.appex */; settings = {ATTRIBUTES = (RemoveHeadersOnCopy, ); }; };
		9C1489D42D59A3C5006F5DD7 /* WaterEntry.swift in Sources */ = {isa = PBXBuildFile; fileRef = 9C1489D32D59A3C3006F5DD7 /* WaterEntry.swift */; };
		9C1489D62D59A3F4006F5DD7 /* Tips.swift in Sources */ = {isa = PBXBuildFile; fileRef = 9C1489D52D59A3F0006F5DD7 /* Tips.swift */; };
		9C1489D82D59A424006F5DD7 /* WaterProvider.swift in Sources */ = {isa = PBXBuildFile; fileRef = 9C1489D72D59A420006F5DD7 /* WaterProvider.swift */; };
		9C1489DA2D59A678006F5DD7 /* WaterWidgetView.swift in Sources */ = {isa = PBXBuildFile; fileRef = 9C1489D92D59A672006F5DD7 /* WaterWidgetView.swift */; };
		9C1489DD2D59B538006F5DD7 /* WaterProvider.swift in Sources */ = {isa = PBXBuildFile; fileRef = 9C1489D72D59A420006F5DD7 /* WaterProvider.swift */; };
		9C1489DE2D59B54F006F5DD7 /* WaterWidgetView.swift in Sources */ = {isa = PBXBuildFile; fileRef = 9C1489D92D59A672006F5DD7 /* WaterWidgetView.swift */; };
		9C1489DF2D59B55D006F5DD7 /* Tips.swift in Sources */ = {isa = PBXBuildFile; fileRef = 9C1489D52D59A3F0006F5DD7 /* Tips.swift */; };
		9C1489E02D59B561006F5DD7 /* WaterEntry.swift in Sources */ = {isa = PBXBuildFile; fileRef = 9C1489D32D59A3C3006F5DD7 /* WaterEntry.swift */; };
/* End PBXBuildFile section */

/* Begin PBXContainerItemProxy section */
		4B14096F2BAD943600F00092 /* PBXContainerItemProxy */ = {
			isa = PBXContainerItemProxy;
			containerPortal = 4B1409562BAD943400F00092 /* Project object */;
			proxyType = 1;
			remoteGlobalIDString = 4B14095D2BAD943400F00092;
			remoteInfo = "Create-With-Swift-WidgetKit-Tutorial-Starting";
		};
		4B1409792BAD943600F00092 /* PBXContainerItemProxy */ = {
			isa = PBXContainerItemProxy;
			containerPortal = 4B1409562BAD943400F00092 /* Project object */;
			proxyType = 1;
			remoteGlobalIDString = 4B14095D2BAD943400F00092;
			remoteInfo = "Create-With-Swift-WidgetKit-Tutorial-Starting";
		};
		9C1489CB2D599F00006F5DD7 /* PBXContainerItemProxy */ = {
			isa = PBXContainerItemProxy;
			containerPortal = 4B1409562BAD943400F00092 /* Project object */;
			proxyType = 1;
			remoteGlobalIDString = 9C1489BA2D599F00006F5DD7;
			remoteInfo = "Create-With-Swift-Widget-ExtensionExtension";
		};
/* End PBXContainerItemProxy section */

/* Begin PBXCopyFilesBuildPhase section */
		9C1489CE2D599F00006F5DD7 /* Embed Foundation Extensions */ = {
			isa = PBXCopyFilesBuildPhase;
			buildActionMask = 2147483647;
			dstPath = "";
			dstSubfolderSpec = 13;
			files = (
				9C1489CD2D599F00006F5DD7 /* Create-With-Swift-Widget-ExtensionExtension.appex in Embed Foundation Extensions */,
			);
			name = "Embed Foundation Extensions";
			runOnlyForDeploymentPostprocessing = 0;
		};
/* End PBXCopyFilesBuildPhase section */

/* Begin PBXFileReference section */
		4B14095E2BAD943400F00092 /* Create-With-Swift-WidgetKit-Tutorial-Starting.app */ = {isa = PBXFileReference; explicitFileType = wrapper.application; includeInIndex = 0; path = "Create-With-Swift-WidgetKit-Tutorial-Starting.app"; sourceTree = BUILT_PRODUCTS_DIR; };
		4B1409612BAD943400F00092 /* Create_With_Swift_WidgetKit_Tutorial_StartingApp.swift */ = {isa = PBXFileReference; lastKnownFileType = sourcecode.swift; path = Create_With_Swift_WidgetKit_Tutorial_StartingApp.swift; sourceTree = "<group>"; };
		4B1409632BAD943400F00092 /* ContentView.swift */ = {isa = PBXFileReference; lastKnownFileType = sourcecode.swift; path = ContentView.swift; sourceTree = "<group>"; };
		4B1409652BAD943500F00092 /* Assets.xcassets */ = {isa = PBXFileReference; lastKnownFileType = folder.assetcatalog; path = Assets.xcassets; sourceTree = "<group>"; };
		4B1409682BAD943500F00092 /* Preview Assets.xcassets */ = {isa = PBXFileReference; lastKnownFileType = folder.assetcatalog; path = "Preview Assets.xcassets"; sourceTree = "<group>"; };
		4B14096E2BAD943600F00092 /* Create-With-Swift-WidgetKit-Tutorial-StartingTests.xctest */ = {isa = PBXFileReference; explicitFileType = wrapper.cfbundle; includeInIndex = 0; path = "Create-With-Swift-WidgetKit-Tutorial-StartingTests.xctest"; sourceTree = BUILT_PRODUCTS_DIR; };
		4B1409722BAD943600F00092 /* Create_With_Swift_WidgetKit_Tutorial_StartingTests.swift */ = {isa = PBXFileReference; lastKnownFileType = sourcecode.swift; path = Create_With_Swift_WidgetKit_Tutorial_StartingTests.swift; sourceTree = "<group>"; };
		4B1409782BAD943600F00092 /* Create-With-Swift-WidgetKit-Tutorial-StartingUITests.xctest */ = {isa = PBXFileReference; explicitFileType = wrapper.cfbundle; includeInIndex = 0; path = "Create-With-Swift-WidgetKit-Tutorial-StartingUITests.xctest"; sourceTree = BUILT_PRODUCTS_DIR; };
		4B14097C2BAD943600F00092 /* Create_With_Swift_WidgetKit_Tutorial_StartingUITests.swift */ = {isa = PBXFileReference; lastKnownFileType = sourcecode.swift; path = Create_With_Swift_WidgetKit_Tutorial_StartingUITests.swift; sourceTree = "<group>"; };
		4B14097E2BAD943600F00092 /* Create_With_Swift_WidgetKit_Tutorial_StartingUITestsLaunchTests.swift */ = {isa = PBXFileReference; lastKnownFileType = sourcecode.swift; path = Create_With_Swift_WidgetKit_Tutorial_StartingUITestsLaunchTests.swift; sourceTree = "<group>"; };
		9C1489BB2D599F00006F5DD7 /* Create-With-Swift-Widget-ExtensionExtension.appex */ = {isa = PBXFileReference; explicitFileType = "wrapper.app-extension"; includeInIndex = 0; path = "Create-With-Swift-Widget-ExtensionExtension.appex"; sourceTree = BUILT_PRODUCTS_DIR; };
		9C1489BD2D599F00006F5DD7 /* WidgetKit.framework */ = {isa = PBXFileReference; lastKnownFileType = wrapper.framework; name = WidgetKit.framework; path = System/Library/Frameworks/WidgetKit.framework; sourceTree = SDKROOT; };
		9C1489BF2D599F00006F5DD7 /* SwiftUI.framework */ = {isa = PBXFileReference; lastKnownFileType = wrapper.framework; name = SwiftUI.framework; path = System/Library/Frameworks/SwiftUI.framework; sourceTree = SDKROOT; };
		9C1489D32D59A3C3006F5DD7 /* WaterEntry.swift */ = {isa = PBXFileReference; lastKnownFileType = sourcecode.swift; path = WaterEntry.swift; sourceTree = "<group>"; };
		9C1489D52D59A3F0006F5DD7 /* Tips.swift */ = {isa = PBXFileReference; lastKnownFileType = sourcecode.swift; path = Tips.swift; sourceTree = "<group>"; };
		9C1489D72D59A420006F5DD7 /* WaterProvider.swift */ = {isa = PBXFileReference; lastKnownFileType = sourcecode.swift; path = WaterProvider.swift; sourceTree = "<group>"; };
		9C1489D92D59A672006F5DD7 /* WaterWidgetView.swift */ = {isa = PBXFileReference; lastKnownFileType = sourcecode.swift; path = WaterWidgetView.swift; sourceTree = "<group>"; };
/* End PBXFileReference section */

/* Begin PBXFileSystemSynchronizedBuildFileExceptionSet section */
		9C1489D12D599F00006F5DD7 /* PBXFileSystemSynchronizedBuildFileExceptionSet */ = {
			isa = PBXFileSystemSynchronizedBuildFileExceptionSet;
			membershipExceptions = (
				Info.plist,
			);
			target = 9C1489BA2D599F00006F5DD7 /* Create-With-Swift-Widget-ExtensionExtension */;
		};
/* End PBXFileSystemSynchronizedBuildFileExceptionSet section */

/* Begin PBXFileSystemSynchronizedRootGroup section */
		9C1489C12D599F00006F5DD7 /* Create-With-Swift-Widget-Extension */ = {isa = PBXFileSystemSynchronizedRootGroup; exceptions = (9C1489D12D599F00006F5DD7 /* PBXFileSystemSynchronizedBuildFileExceptionSet */, ); explicitFileTypes = {}; explicitFolders = (); path = "Create-With-Swift-Widget-Extension"; sourceTree = "<group>"; };
/* End PBXFileSystemSynchronizedRootGroup section */

/* Begin PBXFrameworksBuildPhase section */
		4B14095B2BAD943400F00092 /* Frameworks */ = {
			isa = PBXFrameworksBuildPhase;
			buildActionMask = 2147483647;
			files = (
			);
			runOnlyForDeploymentPostprocessing = 0;
		};
		4B14096B2BAD943600F00092 /* Frameworks */ = {
			isa = PBXFrameworksBuildPhase;
			buildActionMask = 2147483647;
			files = (
			);
			runOnlyForDeploymentPostprocessing = 0;
		};
		4B1409752BAD943600F00092 /* Frameworks */ = {
			isa = PBXFrameworksBuildPhase;
			buildActionMask = 2147483647;
			files = (
			);
			runOnlyForDeploymentPostprocessing = 0;
		};
		9C1489B82D599F00006F5DD7 /* Frameworks */ = {
			isa = PBXFrameworksBuildPhase;
			buildActionMask = 2147483647;
			files = (
				9C1489C02D599F00006F5DD7 /* SwiftUI.framework in Frameworks */,
				9C1489BE2D599F00006F5DD7 /* WidgetKit.framework in Frameworks */,
			);
			runOnlyForDeploymentPostprocessing = 0;
		};
/* End PBXFrameworksBuildPhase section */

/* Begin PBXGroup section */
		4B1409552BAD943400F00092 = {
			isa = PBXGroup;
			children = (
				4B1409602BAD943400F00092 /* Create-With-Swift-WidgetKit-Tutorial-Starting */,
				4B1409712BAD943600F00092 /* Create-With-Swift-WidgetKit-Tutorial-StartingTests */,
				4B14097B2BAD943600F00092 /* Create-With-Swift-WidgetKit-Tutorial-StartingUITests */,
				9C1489C12D599F00006F5DD7 /* Create-With-Swift-Widget-Extension */,
				9C1489BC2D599F00006F5DD7 /* Frameworks */,
				4B14095F2BAD943400F00092 /* Products */,
			);
			sourceTree = "<group>";
		};
		4B14095F2BAD943400F00092 /* Products */ = {
			isa = PBXGroup;
			children = (
				4B14095E2BAD943400F00092 /* Create-With-Swift-WidgetKit-Tutorial-Starting.app */,
				4B14096E2BAD943600F00092 /* Create-With-Swift-WidgetKit-Tutorial-StartingTests.xctest */,
				4B1409782BAD943600F00092 /* Create-With-Swift-WidgetKit-Tutorial-StartingUITests.xctest */,
				9C1489BB2D599F00006F5DD7 /* Create-With-Swift-Widget-ExtensionExtension.appex */,
			);
			name = Products;
			sourceTree = "<group>";
		};
		4B1409602BAD943400F00092 /* Create-With-Swift-WidgetKit-Tutorial-Starting */ = {
			isa = PBXGroup;
			children = (
				9C1489D92D59A672006F5DD7 /* WaterWidgetView.swift */,
				9C1489D72D59A420006F5DD7 /* WaterProvider.swift */,
				9C1489D52D59A3F0006F5DD7 /* Tips.swift */,
				9C1489D32D59A3C3006F5DD7 /* WaterEntry.swift */,
				4B1409612BAD943400F00092 /* Create_With_Swift_WidgetKit_Tutorial_StartingApp.swift */,
				4B1409632BAD943400F00092 /* ContentView.swift */,
				4B1409652BAD943500F00092 /* Assets.xcassets */,
				4B1409672BAD943500F00092 /* Preview Content */,
			);
			path = "Create-With-Swift-WidgetKit-Tutorial-Starting";
			sourceTree = "<group>";
		};
		4B1409672BAD943500F00092 /* Preview Content */ = {
			isa = PBXGroup;
			children = (
				4B1409682BAD943500F00092 /* Preview Assets.xcassets */,
			);
			path = "Preview Content";
			sourceTree = "<group>";
		};
		4B1409712BAD943600F00092 /* Create-With-Swift-WidgetKit-Tutorial-StartingTests */ = {
			isa = PBXGroup;
			children = (
				4B1409722BAD943600F00092 /* Create_With_Swift_WidgetKit_Tutorial_StartingTests.swift */,
			);
			path = "Create-With-Swift-WidgetKit-Tutorial-StartingTests";
			sourceTree = "<group>";
		};
		4B14097B2BAD943600F00092 /* Create-With-Swift-WidgetKit-Tutorial-StartingUITests */ = {
			isa = PBXGroup;
			children = (
				4B14097C2BAD943600F00092 /* Create_With_Swift_WidgetKit_Tutorial_StartingUITests.swift */,
				4B14097E2BAD943600F00092 /* Create_With_Swift_WidgetKit_Tutorial_StartingUITestsLaunchTests.swift */,
			);
			path = "Create-With-Swift-WidgetKit-Tutorial-StartingUITests";
			sourceTree = "<group>";
		};
		9C1489BC2D599F00006F5DD7 /* Frameworks */ = {
			isa = PBXGroup;
			children = (
				9C1489BD2D599F00006F5DD7 /* WidgetKit.framework */,
				9C1489BF2D599F00006F5DD7 /* SwiftUI.framework */,
			);
			name = Frameworks;
			sourceTree = "<group>";
		};
/* End PBXGroup section */

/* Begin PBXNativeTarget section */
		4B14095D2BAD943400F00092 /* Create-With-Swift-WidgetKit-Tutorial-Starting */ = {
			isa = PBXNativeTarget;
			buildConfigurationList = 4B1409822BAD943600F00092 /* Build configuration list for PBXNativeTarget "Create-With-Swift-WidgetKit-Tutorial-Starting" */;
			buildPhases = (
				4B14095A2BAD943400F00092 /* Sources */,
				4B14095B2BAD943400F00092 /* Frameworks */,
				4B14095C2BAD943400F00092 /* Resources */,
				9C1489CE2D599F00006F5DD7 /* Embed Foundation Extensions */,
			);
			buildRules = (
			);
			dependencies = (
				9C1489CC2D599F00006F5DD7 /* PBXTargetDependency */,
			);
			name = "Create-With-Swift-WidgetKit-Tutorial-Starting";
			productName = "Create-With-Swift-WidgetKit-Tutorial-Starting";
			productReference = 4B14095E2BAD943400F00092 /* Create-With-Swift-WidgetKit-Tutorial-Starting.app */;
			productType = "com.apple.product-type.application";
		};
		4B14096D2BAD943600F00092 /* Create-With-Swift-WidgetKit-Tutorial-StartingTests */ = {
			isa = PBXNativeTarget;
			buildConfigurationList = 4B1409852BAD943600F00092 /* Build configuration list for PBXNativeTarget "Create-With-Swift-WidgetKit-Tutorial-StartingTests" */;
			buildPhases = (
				4B14096A2BAD943600F00092 /* Sources */,
				4B14096B2BAD943600F00092 /* Frameworks */,
				4B14096C2BAD943600F00092 /* Resources */,
			);
			buildRules = (
			);
			dependencies = (
				4B1409702BAD943600F00092 /* PBXTargetDependency */,
			);
			name = "Create-With-Swift-WidgetKit-Tutorial-StartingTests";
			productName = "Create-With-Swift-WidgetKit-Tutorial-StartingTests";
			productReference = 4B14096E2BAD943600F00092 /* Create-With-Swift-WidgetKit-Tutorial-StartingTests.xctest */;
			productType = "com.apple.product-type.bundle.unit-test";
		};
		4B1409772BAD943600F00092 /* Create-With-Swift-WidgetKit-Tutorial-StartingUITests */ = {
			isa = PBXNativeTarget;
			buildConfigurationList = 4B1409882BAD943600F00092 /* Build configuration list for PBXNativeTarget "Create-With-Swift-WidgetKit-Tutorial-StartingUITests" */;
			buildPhases = (
				4B1409742BAD943600F00092 /* Sources */,
				4B1409752BAD943600F00092 /* Frameworks */,
				4B1409762BAD943600F00092 /* Resources */,
			);
			buildRules = (
			);
			dependencies = (
				4B14097A2BAD943600F00092 /* PBXTargetDependency */,
			);
			name = "Create-With-Swift-WidgetKit-Tutorial-StartingUITests";
			productName = "Create-With-Swift-WidgetKit-Tutorial-StartingUITests";
			productReference = 4B1409782BAD943600F00092 /* Create-With-Swift-WidgetKit-Tutorial-StartingUITests.xctest */;
			productType = "com.apple.product-type.bundle.ui-testing";
		};
		9C1489BA2D599F00006F5DD7 /* Create-With-Swift-Widget-ExtensionExtension */ = {
			isa = PBXNativeTarget;
			buildConfigurationList = 9C1489D22D599F00006F5DD7 /* Build configuration list for PBXNativeTarget "Create-With-Swift-Widget-ExtensionExtension" */;
			buildPhases = (
				9C1489B72D599F00006F5DD7 /* Sources */,
				9C1489B82D599F00006F5DD7 /* Frameworks */,
				9C1489B92D599F00006F5DD7 /* Resources */,
			);
			buildRules = (
			);
			dependencies = (
			);
			fileSystemSynchronizedGroups = (
				9C1489C12D599F00006F5DD7 /* Create-With-Swift-Widget-Extension */,
			);
			name = "Create-With-Swift-Widget-ExtensionExtension";
			packageProductDependencies = (
			);
			productName = "Create-With-Swift-Widget-ExtensionExtension";
			productReference = 9C1489BB2D599F00006F5DD7 /* Create-With-Swift-Widget-ExtensionExtension.appex */;
			productType = "com.apple.product-type.app-extension";
		};
/* End PBXNativeTarget section */

/* Begin PBXProject section */
		4B1409562BAD943400F00092 /* Project object */ = {
			isa = PBXProject;
			attributes = {
				BuildIndependentTargetsInParallel = 1;
				LastSwiftUpdateCheck = 1610;
				LastUpgradeCheck = 1530;
				TargetAttributes = {
					4B14095D2BAD943400F00092 = {
						CreatedOnToolsVersion = 15.3;
					};
					4B14096D2BAD943600F00092 = {
						CreatedOnToolsVersion = 15.3;
						TestTargetID = 4B14095D2BAD943400F00092;
					};
					4B1409772BAD943600F00092 = {
						CreatedOnToolsVersion = 15.3;
						TestTargetID = 4B14095D2BAD943400F00092;
					};
					9C1489BA2D599F00006F5DD7 = {
						CreatedOnToolsVersion = 16.1;
					};
				};
			};
			buildConfigurationList = 4B1409592BAD943400F00092 /* Build configuration list for PBXProject "Create-With-Swift-WidgetKit-Tutorial-Starting" */;
			compatibilityVersion = "Xcode 14.0";
			developmentRegion = en;
			hasScannedForEncodings = 0;
			knownRegions = (
				en,
				Base,
			);
			mainGroup = 4B1409552BAD943400F00092;
			productRefGroup = 4B14095F2BAD943400F00092 /* Products */;
			projectDirPath = "";
			projectRoot = "";
			targets = (
				4B14095D2BAD943400F00092 /* Create-With-Swift-WidgetKit-Tutorial-Starting */,
				4B14096D2BAD943600F00092 /* Create-With-Swift-WidgetKit-Tutorial-StartingTests */,
				4B1409772BAD943600F00092 /* Create-With-Swift-WidgetKit-Tutorial-StartingUITests */,
				9C1489BA2D599F00006F5DD7 /* Create-With-Swift-Widget-ExtensionExtension */,
			);
		};
/* End PBXProject section */

/* Begin PBXResourcesBuildPhase section */
		4B14095C2BAD943400F00092 /* Resources */ = {
			isa = PBXResourcesBuildPhase;
			buildActionMask = 2147483647;
			files = (
				4B1409692BAD943500F00092 /* Preview Assets.xcassets in Resources */,
				4B1409662BAD943500F00092 /* Assets.xcassets in Resources */,
			);
			runOnlyForDeploymentPostprocessing = 0;
		};
		4B14096C2BAD943600F00092 /* Resources */ = {
			isa = PBXResourcesBuildPhase;
			buildActionMask = 2147483647;
			files = (
			);
			runOnlyForDeploymentPostprocessing = 0;
		};
		4B1409762BAD943600F00092 /* Resources */ = {
			isa = PBXResourcesBuildPhase;
			buildActionMask = 2147483647;
			files = (
			);
			runOnlyForDeploymentPostprocessing = 0;
		};
		9C1489B92D599F00006F5DD7 /* Resources */ = {
			isa = PBXResourcesBuildPhase;
			buildActionMask = 2147483647;
			files = (
			);
			runOnlyForDeploymentPostprocessing = 0;
		};
/* End PBXResourcesBuildPhase section */

/* Begin PBXSourcesBuildPhase section */
		4B14095A2BAD943400F00092 /* Sources */ = {
			isa = PBXSourcesBuildPhase;
			buildActionMask = 2147483647;
			files = (
				9C1489DA2D59A678006F5DD7 /* WaterWidgetView.swift in Sources */,
				4B1409642BAD943400F00092 /* ContentView.swift in Sources */,
				9C1489D82D59A424006F5DD7 /* WaterProvider.swift in Sources */,
				9C1489D62D59A3F4006F5DD7 /* Tips.swift in Sources */,
				4B1409622BAD943400F00092 /* Create_With_Swift_WidgetKit_Tutorial_StartingApp.swift in Sources */,
				9C1489D42D59A3C5006F5DD7 /* WaterEntry.swift in Sources */,
			);
			runOnlyForDeploymentPostprocessing = 0;
		};
		4B14096A2BAD943600F00092 /* Sources */ = {
			isa = PBXSourcesBuildPhase;
			buildActionMask = 2147483647;
			files = (
				4B1409732BAD943600F00092 /* Create_With_Swift_WidgetKit_Tutorial_StartingTests.swift in Sources */,
			);
			runOnlyForDeploymentPostprocessing = 0;
		};
		4B1409742BAD943600F00092 /* Sources */ = {
			isa = PBXSourcesBuildPhase;
			buildActionMask = 2147483647;
			files = (
				4B14097D2BAD943600F00092 /* Create_With_Swift_WidgetKit_Tutorial_StartingUITests.swift in Sources */,
				4B14097F2BAD943600F00092 /* Create_With_Swift_WidgetKit_Tutorial_StartingUITestsLaunchTests.swift in Sources */,
			);
			runOnlyForDeploymentPostprocessing = 0;
		};
		9C1489B72D599F00006F5DD7 /* Sources */ = {
			isa = PBXSourcesBuildPhase;
			buildActionMask = 2147483647;
			files = (
				9C1489DD2D59B538006F5DD7 /* WaterProvider.swift in Sources */,
				9C1489DF2D59B55D006F5DD7 /* Tips.swift in Sources */,
				9C1489E02D59B561006F5DD7 /* WaterEntry.swift in Sources */,
				9C1489DE2D59B54F006F5DD7 /* WaterWidgetView.swift in Sources */,
			);
			runOnlyForDeploymentPostprocessing = 0;
		};
/* End PBXSourcesBuildPhase section */

/* Begin PBXTargetDependency section */
		4B1409702BAD943600F00092 /* PBXTargetDependency */ = {
			isa = PBXTargetDependency;
			target = 4B14095D2BAD943400F00092 /* Create-With-Swift-WidgetKit-Tutorial-Starting */;
			targetProxy = 4B14096F2BAD943600F00092 /* PBXContainerItemProxy */;
		};
		4B14097A2BAD943600F00092 /* PBXTargetDependency */ = {
			isa = PBXTargetDependency;
			target = 4B14095D2BAD943400F00092 /* Create-With-Swift-WidgetKit-Tutorial-Starting */;
			targetProxy = 4B1409792BAD943600F00092 /* PBXContainerItemProxy */;
		};
		9C1489CC2D599F00006F5DD7 /* PBXTargetDependency */ = {
			isa = PBXTargetDependency;
			target = 9C1489BA2D599F00006F5DD7 /* Create-With-Swift-Widget-ExtensionExtension */;
			targetProxy = 9C1489CB2D599F00006F5DD7 /* PBXContainerItemProxy */;
		};
/* End PBXTargetDependency section */

/* Begin XCBuildConfiguration section */
		4B1409802BAD943600F00092 /* Debug */ = {
			isa = XCBuildConfiguration;
			buildSettings = {
				ALWAYS_SEARCH_USER_PATHS = NO;
				ASSETCATALOG_COMPILER_GENERATE_SWIFT_ASSET_SYMBOL_EXTENSIONS = YES;
				CLANG_ANALYZER_NONNULL = YES;
				CLANG_ANALYZER_NUMBER_OBJECT_CONVERSION = YES_AGGRESSIVE;
				CLANG_CXX_LANGUAGE_STANDARD = "gnu++20";
				CLANG_ENABLE_MODULES = YES;
				CLANG_ENABLE_OBJC_ARC = YES;
				CLANG_ENABLE_OBJC_WEAK = YES;
				CLANG_WARN_BLOCK_CAPTURE_AUTORELEASING = YES;
				CLANG_WARN_BOOL_CONVERSION = YES;
				CLANG_WARN_COMMA = YES;
				CLANG_WARN_CONSTANT_CONVERSION = YES;
				CLANG_WARN_DEPRECATED_OBJC_IMPLEMENTATIONS = YES;
				CLANG_WARN_DIRECT_OBJC_ISA_USAGE = YES_ERROR;
				CLANG_WARN_DOCUMENTATION_COMMENTS = YES;
				CLANG_WARN_EMPTY_BODY = YES;
				CLANG_WARN_ENUM_CONVERSION = YES;
				CLANG_WARN_INFINITE_RECURSION = YES;
				CLANG_WARN_INT_CONVERSION = YES;
				CLANG_WARN_NON_LITERAL_NULL_CONVERSION = YES;
				CLANG_WARN_OBJC_IMPLICIT_RETAIN_SELF = YES;
				CLANG_WARN_OBJC_LITERAL_CONVERSION = YES;
				CLANG_WARN_OBJC_ROOT_CLASS = YES_ERROR;
				CLANG_WARN_QUOTED_INCLUDE_IN_FRAMEWORK_HEADER = YES;
				CLANG_WARN_RANGE_LOOP_ANALYSIS = YES;
				CLANG_WARN_STRICT_PROTOTYPES = YES;
				CLANG_WARN_SUSPICIOUS_MOVE = YES;
				CLANG_WARN_UNGUARDED_AVAILABILITY = YES_AGGRESSIVE;
				CLANG_WARN_UNREACHABLE_CODE = YES;
				CLANG_WARN__DUPLICATE_METHOD_MATCH = YES;
				COPY_PHASE_STRIP = NO;
				DEBUG_INFORMATION_FORMAT = dwarf;
				ENABLE_STRICT_OBJC_MSGSEND = YES;
				ENABLE_TESTABILITY = YES;
				ENABLE_USER_SCRIPT_SANDBOXING = YES;
				GCC_C_LANGUAGE_STANDARD = gnu17;
				GCC_DYNAMIC_NO_PIC = NO;
				GCC_NO_COMMON_BLOCKS = YES;
				GCC_OPTIMIZATION_LEVEL = 0;
				GCC_PREPROCESSOR_DEFINITIONS = (
					"DEBUG=1",
					"$(inherited)",
				);
				GCC_WARN_64_TO_32_BIT_CONVERSION = YES;
				GCC_WARN_ABOUT_RETURN_TYPE = YES_ERROR;
				GCC_WARN_UNDECLARED_SELECTOR = YES;
				GCC_WARN_UNINITIALIZED_AUTOS = YES_AGGRESSIVE;
				GCC_WARN_UNUSED_FUNCTION = YES;
				GCC_WARN_UNUSED_VARIABLE = YES;
				IPHONEOS_DEPLOYMENT_TARGET = 17.4;
				LOCALIZATION_PREFERS_STRING_CATALOGS = YES;
				MTL_ENABLE_DEBUG_INFO = INCLUDE_SOURCE;
				MTL_FAST_MATH = YES;
				ONLY_ACTIVE_ARCH = YES;
				SDKROOT = iphoneos;
				SWIFT_ACTIVE_COMPILATION_CONDITIONS = "DEBUG $(inherited)";
				SWIFT_OPTIMIZATION_LEVEL = "-Onone";
			};
			name = Debug;
		};
		4B1409812BAD943600F00092 /* Release */ = {
			isa = XCBuildConfiguration;
			buildSettings = {
				ALWAYS_SEARCH_USER_PATHS = NO;
				ASSETCATALOG_COMPILER_GENERATE_SWIFT_ASSET_SYMBOL_EXTENSIONS = YES;
				CLANG_ANALYZER_NONNULL = YES;
				CLANG_ANALYZER_NUMBER_OBJECT_CONVERSION = YES_AGGRESSIVE;
				CLANG_CXX_LANGUAGE_STANDARD = "gnu++20";
				CLANG_ENABLE_MODULES = YES;
				CLANG_ENABLE_OBJC_ARC = YES;
				CLANG_ENABLE_OBJC_WEAK = YES;
				CLANG_WARN_BLOCK_CAPTURE_AUTORELEASING = YES;
				CLANG_WARN_BOOL_CONVERSION = YES;
				CLANG_WARN_COMMA = YES;
				CLANG_WARN_CONSTANT_CONVERSION = YES;
				CLANG_WARN_DEPRECATED_OBJC_IMPLEMENTATIONS = YES;
				CLANG_WARN_DIRECT_OBJC_ISA_USAGE = YES_ERROR;
				CLANG_WARN_DOCUMENTATION_COMMENTS = YES;
				CLANG_WARN_EMPTY_BODY = YES;
				CLANG_WARN_ENUM_CONVERSION = YES;
				CLANG_WARN_INFINITE_RECURSION = YES;
				CLANG_WARN_INT_CONVERSION = YES;
				CLANG_WARN_NON_LITERAL_NULL_CONVERSION = YES;
				CLANG_WARN_OBJC_IMPLICIT_RETAIN_SELF = YES;
				CLANG_WARN_OBJC_LITERAL_CONVERSION = YES;
				CLANG_WARN_OBJC_ROOT_CLASS = YES_ERROR;
				CLANG_WARN_QUOTED_INCLUDE_IN_FRAMEWORK_HEADER = YES;
				CLANG_WARN_RANGE_LOOP_ANALYSIS = YES;
				CLANG_WARN_STRICT_PROTOTYPES = YES;
				CLANG_WARN_SUSPICIOUS_MOVE = YES;
				CLANG_WARN_UNGUARDED_AVAILABILITY = YES_AGGRESSIVE;
				CLANG_WARN_UNREACHABLE_CODE = YES;
				CLANG_WARN__DUPLICATE_METHOD_MATCH = YES;
				COPY_PHASE_STRIP = NO;
				DEBUG_INFORMATION_FORMAT = "dwarf-with-dsym";
				ENABLE_NS_ASSERTIONS = NO;
				ENABLE_STRICT_OBJC_MSGSEND = YES;
				ENABLE_USER_SCRIPT_SANDBOXING = YES;
				GCC_C_LANGUAGE_STANDARD = gnu17;
				GCC_NO_COMMON_BLOCKS = YES;
				GCC_WARN_64_TO_32_BIT_CONVERSION = YES;
				GCC_WARN_ABOUT_RETURN_TYPE = YES_ERROR;
				GCC_WARN_UNDECLARED_SELECTOR = YES;
				GCC_WARN_UNINITIALIZED_AUTOS = YES_AGGRESSIVE;
				GCC_WARN_UNUSED_FUNCTION = YES;
				GCC_WARN_UNUSED_VARIABLE = YES;
				IPHONEOS_DEPLOYMENT_TARGET = 17.4;
				LOCALIZATION_PREFERS_STRING_CATALOGS = YES;
				MTL_ENABLE_DEBUG_INFO = NO;
				MTL_FAST_MATH = YES;
				SDKROOT = iphoneos;
				SWIFT_COMPILATION_MODE = wholemodule;
				VALIDATE_PRODUCT = YES;
			};
			name = Release;
		};
		4B1409832BAD943600F00092 /* Debug */ = {
			isa = XCBuildConfiguration;
			buildSettings = {
				ASSETCATALOG_COMPILER_APPICON_NAME = AppIcon;
				ASSETCATALOG_COMPILER_GLOBAL_ACCENT_COLOR_NAME = AccentColor;
				CODE_SIGN_STYLE = Automatic;
				CURRENT_PROJECT_VERSION = 1;
				DEVELOPMENT_ASSET_PATHS = "\"Create-With-Swift-WidgetKit-Tutorial-Starting/Preview Content\"";
				DEVELOPMENT_TEAM = 8HSC6WJMH6;
				ENABLE_PREVIEWS = YES;
				GENERATE_INFOPLIST_FILE = YES;
				INFOPLIST_KEY_UIApplicationSceneManifest_Generation = YES;
				INFOPLIST_KEY_UIApplicationSupportsIndirectInputEvents = YES;
				INFOPLIST_KEY_UILaunchScreen_Generation = YES;
				INFOPLIST_KEY_UISupportedInterfaceOrientations_iPad = "UIInterfaceOrientationPortrait UIInterfaceOrientationPortraitUpsideDown UIInterfaceOrientationLandscapeLeft UIInterfaceOrientationLandscapeRight";
				INFOPLIST_KEY_UISupportedInterfaceOrientations_iPhone = "UIInterfaceOrientationPortrait UIInterfaceOrientationLandscapeLeft UIInterfaceOrientationLandscapeRight";
				LD_RUNPATH_SEARCH_PATHS = (
					"$(inherited)",
					"@executable_path/Frameworks",
				);
				MARKETING_VERSION = 1.0;
				PRODUCT_BUNDLE_IDENTIFIER = "create-with-swift.widgetkit-tutorial-starting";
				PRODUCT_NAME = "$(TARGET_NAME)";
				SWIFT_EMIT_LOC_STRINGS = YES;
				SWIFT_VERSION = 5.0;
				TARGETED_DEVICE_FAMILY = "1,2";
			};
			name = Debug;
		};
		4B1409842BAD943600F00092 /* Release */ = {
			isa = XCBuildConfiguration;
			buildSettings = {
				ASSETCATALOG_COMPILER_APPICON_NAME = AppIcon;
				ASSETCATALOG_COMPILER_GLOBAL_ACCENT_COLOR_NAME = AccentColor;
				CODE_SIGN_STYLE = Automatic;
				CURRENT_PROJECT_VERSION = 1;
				DEVELOPMENT_ASSET_PATHS = "\"Create-With-Swift-WidgetKit-Tutorial-Starting/Preview Content\"";
				DEVELOPMENT_TEAM = 8HSC6WJMH6;
				ENABLE_PREVIEWS = YES;
				GENERATE_INFOPLIST_FILE = YES;
				INFOPLIST_KEY_UIApplicationSceneManifest_Generation = YES;
				INFOPLIST_KEY_UIApplicationSupportsIndirectInputEvents = YES;
				INFOPLIST_KEY_UILaunchScreen_Generation = YES;
				INFOPLIST_KEY_UISupportedInterfaceOrientations_iPad = "UIInterfaceOrientationPortrait UIInterfaceOrientationPortraitUpsideDown UIInterfaceOrientationLandscapeLeft UIInterfaceOrientationLandscapeRight";
				INFOPLIST_KEY_UISupportedInterfaceOrientations_iPhone = "UIInterfaceOrientationPortrait UIInterfaceOrientationLandscapeLeft UIInterfaceOrientationLandscapeRight";
				LD_RUNPATH_SEARCH_PATHS = (
					"$(inherited)",
					"@executable_path/Frameworks",
				);
				MARKETING_VERSION = 1.0;
				PRODUCT_BUNDLE_IDENTIFIER = "create-with-swift.widgetkit-tutorial-starting";
				PRODUCT_NAME = "$(TARGET_NAME)";
				SWIFT_EMIT_LOC_STRINGS = YES;
				SWIFT_VERSION = 5.0;
				TARGETED_DEVICE_FAMILY = "1,2";
			};
			name = Release;
		};
		4B1409862BAD943600F00092 /* Debug */ = {
			isa = XCBuildConfiguration;
			buildSettings = {
				ALWAYS_EMBED_SWIFT_STANDARD_LIBRARIES = YES;
				BUNDLE_LOADER = "$(TEST_HOST)";
				CODE_SIGN_STYLE = Automatic;
				CURRENT_PROJECT_VERSION = 1;
				DEVELOPMENT_TEAM = "";
				GENERATE_INFOPLIST_FILE = YES;
				IPHONEOS_DEPLOYMENT_TARGET = 17.4;
				MARKETING_VERSION = 1.0;
				PRODUCT_BUNDLE_IDENTIFIER = "create-with-swift.widgetkit-tutorial-starting-tests";
				PRODUCT_NAME = "$(TARGET_NAME)";
				SWIFT_EMIT_LOC_STRINGS = NO;
				SWIFT_VERSION = 5.0;
				TARGETED_DEVICE_FAMILY = "1,2";
				TEST_HOST = "$(BUILT_PRODUCTS_DIR)/Create-With-Swift-WidgetKit-Tutorial-Starting.app/$(BUNDLE_EXECUTABLE_FOLDER_PATH)/Create-With-Swift-WidgetKit-Tutorial-Starting";
			};
			name = Debug;
		};
		4B1409872BAD943600F00092 /* Release */ = {
			isa = XCBuildConfiguration;
			buildSettings = {
				ALWAYS_EMBED_SWIFT_STANDARD_LIBRARIES = YES;
				BUNDLE_LOADER = "$(TEST_HOST)";
				CODE_SIGN_STYLE = Automatic;
				CURRENT_PROJECT_VERSION = 1;
				DEVELOPMENT_TEAM = "";
				GENERATE_INFOPLIST_FILE = YES;
				IPHONEOS_DEPLOYMENT_TARGET = 17.4;
				MARKETING_VERSION = 1.0;
				PRODUCT_BUNDLE_IDENTIFIER = "create-with-swift.widgetkit-tutorial-starting-tests";
				PRODUCT_NAME = "$(TARGET_NAME)";
				SWIFT_EMIT_LOC_STRINGS = NO;
				SWIFT_VERSION = 5.0;
				TARGETED_DEVICE_FAMILY = "1,2";
				TEST_HOST = "$(BUILT_PRODUCTS_DIR)/Create-With-Swift-WidgetKit-Tutorial-Starting.app/$(BUNDLE_EXECUTABLE_FOLDER_PATH)/Create-With-Swift-WidgetKit-Tutorial-Starting";
			};
			name = Release;
		};
		4B1409892BAD943600F00092 /* Debug */ = {
			isa = XCBuildConfiguration;
			buildSettings = {
				ALWAYS_EMBED_SWIFT_STANDARD_LIBRARIES = YES;
				CODE_SIGN_STYLE = Automatic;
				CURRENT_PROJECT_VERSION = 1;
				DEVELOPMENT_TEAM = "";
				GENERATE_INFOPLIST_FILE = YES;
				MARKETING_VERSION = 1.0;
				PRODUCT_BUNDLE_IDENTIFIER = "create-with-swift.widgetkit-tutorial-starting-uitests";
				PRODUCT_NAME = "$(TARGET_NAME)";
				SWIFT_EMIT_LOC_STRINGS = NO;
				SWIFT_VERSION = 5.0;
				TARGETED_DEVICE_FAMILY = "1,2";
				TEST_TARGET_NAME = "Create-With-Swift-WidgetKit-Tutorial-Starting";
			};
			name = Debug;
		};
		4B14098A2BAD943600F00092 /* Release */ = {
			isa = XCBuildConfiguration;
			buildSettings = {
				ALWAYS_EMBED_SWIFT_STANDARD_LIBRARIES = YES;
				CODE_SIGN_STYLE = Automatic;
				CURRENT_PROJECT_VERSION = 1;
				DEVELOPMENT_TEAM = "";
				GENERATE_INFOPLIST_FILE = YES;
				MARKETING_VERSION = 1.0;
				PRODUCT_BUNDLE_IDENTIFIER = "create-with-swift.widgetkit-tutorial-starting-uitests";
				PRODUCT_NAME = "$(TARGET_NAME)";
				SWIFT_EMIT_LOC_STRINGS = NO;
				SWIFT_VERSION = 5.0;
				TARGETED_DEVICE_FAMILY = "1,2";
				TEST_TARGET_NAME = "Create-With-Swift-WidgetKit-Tutorial-Starting";
			};
			name = Release;
		};
		9C1489CF2D599F00006F5DD7 /* Debug */ = {
			isa = XCBuildConfiguration;
			buildSettings = {
				ASSETCATALOG_COMPILER_GLOBAL_ACCENT_COLOR_NAME = AccentColor;
				ASSETCATALOG_COMPILER_WIDGET_BACKGROUND_COLOR_NAME = WidgetBackground;
				CODE_SIGN_STYLE = Automatic;
				CURRENT_PROJECT_VERSION = 1;
				DEVELOPMENT_TEAM = "";
				GENERATE_INFOPLIST_FILE = YES;
				INFOPLIST_FILE = "Create-With-Swift-Widget-Extension/Info.plist";
				INFOPLIST_KEY_CFBundleDisplayName = "Create-With-Swift-Widget-Extension";
				INFOPLIST_KEY_NSHumanReadableCopyright = "";
				IPHONEOS_DEPLOYMENT_TARGET = 18.1;
				LD_RUNPATH_SEARCH_PATHS = (
					"$(inherited)",
					"@executable_path/Frameworks",
					"@executable_path/../../Frameworks",
				);
				MARKETING_VERSION = 1.0;
				PRODUCT_BUNDLE_IDENTIFIER = "create-with-swift.widgetkit-tutorial-starting.Create-With-Swift-Widget-Extension";
				PRODUCT_NAME = "$(TARGET_NAME)";
				SKIP_INSTALL = YES;
				SWIFT_EMIT_LOC_STRINGS = YES;
				SWIFT_VERSION = 5.0;
				TARGETED_DEVICE_FAMILY = "1,2";
			};
			name = Debug;
		};
		9C1489D02D599F00006F5DD7 /* Release */ = {
			isa = XCBuildConfiguration;
			buildSettings = {
				ASSETCATALOG_COMPILER_GLOBAL_ACCENT_COLOR_NAME = AccentColor;
				ASSETCATALOG_COMPILER_WIDGET_BACKGROUND_COLOR_NAME = WidgetBackground;
				CODE_SIGN_STYLE = Automatic;
				CURRENT_PROJECT_VERSION = 1;
				DEVELOPMENT_TEAM = "";
				GENERATE_INFOPLIST_FILE = YES;
				INFOPLIST_FILE = "Create-With-Swift-Widget-Extension/Info.plist";
				INFOPLIST_KEY_CFBundleDisplayName = "Create-With-Swift-Widget-Extension";
				INFOPLIST_KEY_NSHumanReadableCopyright = "";
				IPHONEOS_DEPLOYMENT_TARGET = 18.1;
				LD_RUNPATH_SEARCH_PATHS = (
					"$(inherited)",
					"@executable_path/Frameworks",
					"@executable_path/../../Frameworks",
				);
				MARKETING_VERSION = 1.0;
				PRODUCT_BUNDLE_IDENTIFIER = "create-with-swift.widgetkit-tutorial-starting.Create-With-Swift-Widget-Extension";
				PRODUCT_NAME = "$(TARGET_NAME)";
				SKIP_INSTALL = YES;
				SWIFT_EMIT_LOC_STRINGS = YES;
				SWIFT_VERSION = 5.0;
				TARGETED_DEVICE_FAMILY = "1,2";
			};
			name = Release;
		};
/* End XCBuildConfiguration section */

/* Begin XCConfigurationList section */
		4B1409592BAD943400F00092 /* Build configuration list for PBXProject "Create-With-Swift-WidgetKit-Tutorial-Starting" */ = {
			isa = XCConfigurationList;
			buildConfigurations = (
				4B1409802BAD943600F00092 /* Debug */,
				4B1409812BAD943600F00092 /* Release */,
			);
			defaultConfigurationIsVisible = 0;
			defaultConfigurationName = Release;
		};
		4B1409822BAD943600F00092 /* Build configuration list for PBXNativeTarget "Create-With-Swift-WidgetKit-Tutorial-Starting" */ = {
			isa = XCConfigurationList;
			buildConfigurations = (
				4B1409832BAD943600F00092 /* Debug */,
				4B1409842BAD943600F00092 /* Release */,
			);
			defaultConfigurationIsVisible = 0;
			defaultConfigurationName = Release;
		};
		4B1409852BAD943600F00092 /* Build configuration list for PBXNativeTarget "Create-With-Swift-WidgetKit-Tutorial-StartingTests" */ = {
			isa = XCConfigurationList;
			buildConfigurations = (
				4B1409862BAD943600F00092 /* Debug */,
				4B1409872BAD943600F00092 /* Release */,
			);
			defaultConfigurationIsVisible = 0;
			defaultConfigurationName = Release;
		};
		4B1409882BAD943600F00092 /* Build configuration list for PBXNativeTarget "Create-With-Swift-WidgetKit-Tutorial-StartingUITests" */ = {
			isa = XCConfigurationList;
			buildConfigurations = (
				4B1409892BAD943600F00092 /* Debug */,
				4B14098A2BAD943600F00092 /* Release */,
			);
			defaultConfigurationIsVisible = 0;
			defaultConfigurationName = Release;
		};
		9C1489D22D599F00006F5DD7 /* Build configuration list for PBXNativeTarget "Create-With-Swift-Widget-ExtensionExtension" */ = {
			isa = XCConfigurationList;
			buildConfigurations = (
				9C1489CF2D599F00006F5DD7 /* Debug */,
				9C1489D02D599F00006F5DD7 /* Release */,
			);
			defaultConfigurationIsVisible = 0;
			defaultConfigurationName = Release;
		};
/* End XCConfigurationList section */
	};
	rootObject = 4B1409562BAD943400F00092 /* Project object */;
}
